
Microsoft Visual Studio Solution File, Format Version 12.00
# Visual Studio Version 17
VisualStudioVersion = 17.13.35818.85 d17.13
MinimumVisualStudioVersion = 10.0.40219.1
Project("{FAE04EC0-301F-11D3-BF4B-00C04F79EFBC}") = "Lab_Test", "Lab_Test\Lab_Test.csproj", "{3436007A-9309-4751-97CF-B4BFC470C697}"
EndProject
Global
	GlobalSection(SolutionConfigurationPlatforms) = preSolution
		Debug|Any CPU = Debug|Any CPU
		Release|Any CPU = Release|Any CPU
	EndGlobalSection
	GlobalSection(ProjectConfigurationPlatforms) = postSolution
		{3436007A-9309-4751-97CF-B4BFC470C697}.Debug|Any CPU.ActiveCfg = Debug|Any CPU
		{3436007A-9309-4751-97CF-B4BFC470C697}.Debug|Any CPU.Build.0 = Debug|Any CPU
		{3436007A-9309-4751-97CF-B4BFC470C697}.Release|Any CPU.ActiveCfg = Release|Any CPU
		{3436007A-9309-4751-97CF-B4BFC470C697}.Release|Any CPU.Build.0 = Release|Any CPU
	EndGlobalSection
	GlobalSection(SolutionProperties) = preSolution
		HideSolutionNode = FALSE
	EndGlobalSection
	GlobalSection(ExtensibilityGlobals) = postSolution
		SolutionGuid = {1C55ABA0-803A-4301-9EF5-328D0AFF77CA}
	EndGlobalSection
EndGlobal
